// !$*UTF8*$!
{
	archiveVersion = 1;
	classes = {
	};
	objectVersion = 56;
	objects = {

/* Begin PBXBuildFile section */
		380F869A2C89599A009E9D54 /* AuthenticationError.swift in Sources */ = {isa = PBXBuildFile; fileRef = 380F86992C89599A009E9D54 /* AuthenticationError.swift */; };
		380F869E2C8959E1009E9D54 /* UserViewModel.swift in Sources */ = {isa = PBXBuildFile; fileRef = 380F869D2C8959E1009E9D54 /* UserViewModel.swift */; };
		380F86A32C895B69009E9D54 /* FireUser.swift in Sources */ = {isa = PBXBuildFile; fileRef = 380F86A22C895B69009E9D54 /* FireUser.swift */; };
		380F86A72C895C0A009E9D54 /* AuthenticationView.swift in Sources */ = {isa = PBXBuildFile; fileRef = 380F86A62C895C0A009E9D54 /* AuthenticationView.swift */; };
		380F86AC2C895C56009E9D54 /* PasswordField.swift in Sources */ = {isa = PBXBuildFile; fileRef = 380F86AB2C895C56009E9D54 /* PasswordField.swift */; };
		380F86AF2C895C8C009E9D54 /* AuthButton.swift in Sources */ = {isa = PBXBuildFile; fileRef = 380F86AE2C895C8C009E9D54 /* AuthButton.swift */; };
		380F86B12C895CB5009E9D54 /* AuthModeSwitchButton.swift in Sources */ = {isa = PBXBuildFile; fileRef = 380F86B02C895CB5009E9D54 /* AuthModeSwitchButton.swift */; };
		380F86B42C895CF5009E9D54 /* AuthenticationMode.swift in Sources */ = {isa = PBXBuildFile; fileRef = 380F86B32C895CF5009E9D54 /* AuthenticationMode.swift */; };
		380F86B72C896B91009E9D54 /* FirebaseManager.swift in Sources */ = {isa = PBXBuildFile; fileRef = 380F86B62C896B91009E9D54 /* FirebaseManager.swift */; };
		385BD77E2C86C5C90085F402 /* BibermobilSaunaArtemApp.swift in Sources */ = {isa = PBXBuildFile; fileRef = 385BD77D2C86C5C90085F402 /* BibermobilSaunaArtemApp.swift */; };
		385BD7802C86C5C90085F402 /* ContentView.swift in Sources */ = {isa = PBXBuildFile; fileRef = 385BD77F2C86C5C90085F402 /* ContentView.swift */; };
		385BD7822C86C5CA0085F402 /* Assets.xcassets in Resources */ = {isa = PBXBuildFile; fileRef = 385BD7812C86C5CA0085F402 /* Assets.xcassets */; };
		385BD7852C86C5CA0085F402 /* Preview Assets.xcassets in Resources */ = {isa = PBXBuildFile; fileRef = 385BD7842C86C5CA0085F402 /* Preview Assets.xcassets */; };
		5B2425292C970CB10092A92D /* HomeView.swift in Sources */ = {isa = PBXBuildFile; fileRef = 5B2425282C970CB10092A92D /* HomeView.swift */; };
		5BA873002C917084003F245A /* GoogleService-Info.plist in Resources */ = {isa = PBXBuildFile; fileRef = 5BA872FF2C917084003F245A /* GoogleService-Info.plist */; };
		5BA873032C9170F1003F245A /* FirebaseAnalytics in Frameworks */ = {isa = PBXBuildFile; productRef = 5BA873022C9170F1003F245A /* FirebaseAnalytics */; };
		5BA873052C9170F1003F245A /* FirebaseAnalyticsOnDeviceConversion in Frameworks */ = {isa = PBXBuildFile; productRef = 5BA873042C9170F1003F245A /* FirebaseAnalyticsOnDeviceConversion */; };
		5BA873072C9170F1003F245A /* FirebaseAnalyticsWithoutAdIdSupport in Frameworks */ = {isa = PBXBuildFile; productRef = 5BA873062C9170F1003F245A /* FirebaseAnalyticsWithoutAdIdSupport */; };
		5BA873092C9170F1003F245A /* FirebaseAppCheck in Frameworks */ = {isa = PBXBuildFile; productRef = 5BA873082C9170F1003F245A /* FirebaseAppCheck */; };
		5BA8730B2C9170F1003F245A /* FirebaseAppDistribution-Beta in Frameworks */ = {isa = PBXBuildFile; productRef = 5BA8730A2C9170F1003F245A /* FirebaseAppDistribution-Beta */; };
		5BA8730D2C9170F1003F245A /* FirebaseAuth in Frameworks */ = {isa = PBXBuildFile; productRef = 5BA8730C2C9170F1003F245A /* FirebaseAuth */; };
		5BA8730F2C9170F1003F245A /* FirebaseAuthCombine-Community in Frameworks */ = {isa = PBXBuildFile; productRef = 5BA8730E2C9170F1003F245A /* FirebaseAuthCombine-Community */; };
		5BA873112C9170F1003F245A /* FirebaseCrashlytics in Frameworks */ = {isa = PBXBuildFile; productRef = 5BA873102C9170F1003F245A /* FirebaseCrashlytics */; };
		5BA873132C9170F1003F245A /* FirebaseDatabase in Frameworks */ = {isa = PBXBuildFile; productRef = 5BA873122C9170F1003F245A /* FirebaseDatabase */; };
		5BA873152C9170F1003F245A /* FirebaseDynamicLinks in Frameworks */ = {isa = PBXBuildFile; productRef = 5BA873142C9170F1003F245A /* FirebaseDynamicLinks */; };
		5BA873172C9170F1003F245A /* FirebaseFirestore in Frameworks */ = {isa = PBXBuildFile; productRef = 5BA873162C9170F1003F245A /* FirebaseFirestore */; };
		5BA873192C9170F1003F245A /* FirebaseFirestoreCombine-Community in Frameworks */ = {isa = PBXBuildFile; productRef = 5BA873182C9170F1003F245A /* FirebaseFirestoreCombine-Community */; };
		5BA8731B2C9170F1003F245A /* FirebaseFunctions in Frameworks */ = {isa = PBXBuildFile; productRef = 5BA8731A2C9170F1003F245A /* FirebaseFunctions */; };
		5BA8731D2C9170F1003F245A /* FirebaseFunctionsCombine-Community in Frameworks */ = {isa = PBXBuildFile; productRef = 5BA8731C2C9170F1003F245A /* FirebaseFunctionsCombine-Community */; };
		5BA8731F2C9170F1003F245A /* FirebaseInAppMessaging-Beta in Frameworks */ = {isa = PBXBuildFile; productRef = 5BA8731E2C9170F1003F245A /* FirebaseInAppMessaging-Beta */; };
		5BA873212C9170F1003F245A /* FirebaseInstallations in Frameworks */ = {isa = PBXBuildFile; productRef = 5BA873202C9170F1003F245A /* FirebaseInstallations */; };
		5BA873232C9170F1003F245A /* FirebaseMLModelDownloader in Frameworks */ = {isa = PBXBuildFile; productRef = 5BA873222C9170F1003F245A /* FirebaseMLModelDownloader */; };
		5BA873252C9170F1003F245A /* FirebaseMessaging in Frameworks */ = {isa = PBXBuildFile; productRef = 5BA873242C9170F1003F245A /* FirebaseMessaging */; };
		5BA873272C9170F1003F245A /* FirebasePerformance in Frameworks */ = {isa = PBXBuildFile; productRef = 5BA873262C9170F1003F245A /* FirebasePerformance */; };
		5BA873292C9170F1003F245A /* FirebaseRemoteConfig in Frameworks */ = {isa = PBXBuildFile; productRef = 5BA873282C9170F1003F245A /* FirebaseRemoteConfig */; };
		5BA8732B2C9170F1003F245A /* FirebaseStorage in Frameworks */ = {isa = PBXBuildFile; productRef = 5BA8732A2C9170F1003F245A /* FirebaseStorage */; };
		5BA8732D2C9170F1003F245A /* FirebaseStorageCombine-Community in Frameworks */ = {isa = PBXBuildFile; productRef = 5BA8732C2C9170F1003F245A /* FirebaseStorageCombine-Community */; };
		5BA8732F2C9170F1003F245A /* FirebaseVertexAI-Preview in Frameworks */ = {isa = PBXBuildFile; productRef = 5BA8732E2C9170F1003F245A /* FirebaseVertexAI-Preview */; };
/* End PBXBuildFile section */

/* Begin PBXFileReference section */
		380F86992C89599A009E9D54 /* AuthenticationError.swift */ = {isa = PBXFileReference; lastKnownFileType = sourcecode.swift; path = AuthenticationError.swift; sourceTree = "<group>"; };
		380F869D2C8959E1009E9D54 /* UserViewModel.swift */ = {isa = PBXFileReference; lastKnownFileType = sourcecode.swift; path = UserViewModel.swift; sourceTree = "<group>"; };
		380F86A22C895B69009E9D54 /* FireUser.swift */ = {isa = PBXFileReference; lastKnownFileType = sourcecode.swift; path = FireUser.swift; sourceTree = "<group>"; };
		380F86A62C895C0A009E9D54 /* AuthenticationView.swift */ = {isa = PBXFileReference; lastKnownFileType = sourcecode.swift; path = AuthenticationView.swift; sourceTree = "<group>"; };
		380F86AB2C895C56009E9D54 /* PasswordField.swift */ = {isa = PBXFileReference; lastKnownFileType = sourcecode.swift; path = PasswordField.swift; sourceTree = "<group>"; };
		380F86AE2C895C8C009E9D54 /* AuthButton.swift */ = {isa = PBXFileReference; lastKnownFileType = sourcecode.swift; path = AuthButton.swift; sourceTree = "<group>"; };
		380F86B02C895CB5009E9D54 /* AuthModeSwitchButton.swift */ = {isa = PBXFileReference; lastKnownFileType = sourcecode.swift; path = AuthModeSwitchButton.swift; sourceTree = "<group>"; };
		380F86B32C895CF5009E9D54 /* AuthenticationMode.swift */ = {isa = PBXFileReference; lastKnownFileType = sourcecode.swift; path = AuthenticationMode.swift; sourceTree = "<group>"; };
		380F86B62C896B91009E9D54 /* FirebaseManager.swift */ = {isa = PBXFileReference; lastKnownFileType = sourcecode.swift; path = FirebaseManager.swift; sourceTree = "<group>"; };
		385BD77A2C86C5C90085F402 /* BibermobilSaunaArtem.app */ = {isa = PBXFileReference; explicitFileType = wrapper.application; includeInIndex = 0; path = BibermobilSaunaArtem.app; sourceTree = BUILT_PRODUCTS_DIR; };
		385BD77D2C86C5C90085F402 /* BibermobilSaunaArtemApp.swift */ = {isa = PBXFileReference; lastKnownFileType = sourcecode.swift; path = BibermobilSaunaArtemApp.swift; sourceTree = "<group>"; };
		385BD77F2C86C5C90085F402 /* ContentView.swift */ = {isa = PBXFileReference; lastKnownFileType = sourcecode.swift; path = ContentView.swift; sourceTree = "<group>"; };
		385BD7812C86C5CA0085F402 /* Assets.xcassets */ = {isa = PBXFileReference; lastKnownFileType = folder.assetcatalog; path = Assets.xcassets; sourceTree = "<group>"; };
		385BD7842C86C5CA0085F402 /* Preview Assets.xcassets */ = {isa = PBXFileReference; lastKnownFileType = folder.assetcatalog; path = "Preview Assets.xcassets"; sourceTree = "<group>"; };
		5B2425282C970CB10092A92D /* HomeView.swift */ = {isa = PBXFileReference; lastKnownFileType = sourcecode.swift; path = HomeView.swift; sourceTree = "<group>"; };
		5BA872FF2C917084003F245A /* GoogleService-Info.plist */ = {isa = PBXFileReference; fileEncoding = 4; lastKnownFileType = text.plist.xml; path = "GoogleService-Info.plist"; sourceTree = "<group>"; };
/* End PBXFileReference section */

/* Begin PBXFrameworksBuildPhase section */
		385BD7772C86C5C90085F402 /* Frameworks */ = {
			isa = PBXFrameworksBuildPhase;
			buildActionMask = 2147483647;
			files = (
				5BA8732D2C9170F1003F245A /* FirebaseStorageCombine-Community in Frameworks */,
				5BA873252C9170F1003F245A /* FirebaseMessaging in Frameworks */,
				5BA873232C9170F1003F245A /* FirebaseMLModelDownloader in Frameworks */,
				5BA873092C9170F1003F245A /* FirebaseAppCheck in Frameworks */,
				5BA8730D2C9170F1003F245A /* FirebaseAuth in Frameworks */,
				5BA873032C9170F1003F245A /* FirebaseAnalytics in Frameworks */,
				5BA8730B2C9170F1003F245A /* FirebaseAppDistribution-Beta in Frameworks */,
				5BA873072C9170F1003F245A /* FirebaseAnalyticsWithoutAdIdSupport in Frameworks */,
				5BA873112C9170F1003F245A /* FirebaseCrashlytics in Frameworks */,
				5BA873132C9170F1003F245A /* FirebaseDatabase in Frameworks */,
				5BA8731D2C9170F1003F245A /* FirebaseFunctionsCombine-Community in Frameworks */,
				5BA8730F2C9170F1003F245A /* FirebaseAuthCombine-Community in Frameworks */,
				5BA8732B2C9170F1003F245A /* FirebaseStorage in Frameworks */,
				5BA873052C9170F1003F245A /* FirebaseAnalyticsOnDeviceConversion in Frameworks */,
				5BA8731B2C9170F1003F245A /* FirebaseFunctions in Frameworks */,
				5BA873212C9170F1003F245A /* FirebaseInstallations in Frameworks */,
				5BA873272C9170F1003F245A /* FirebasePerformance in Frameworks */,
				5BA873192C9170F1003F245A /* FirebaseFirestoreCombine-Community in Frameworks */,
				5BA873172C9170F1003F245A /* FirebaseFirestore in Frameworks */,
				5BA873152C9170F1003F245A /* FirebaseDynamicLinks in Frameworks */,
				5BA8731F2C9170F1003F245A /* FirebaseInAppMessaging-Beta in Frameworks */,
				5BA8732F2C9170F1003F245A /* FirebaseVertexAI-Preview in Frameworks */,
				5BA873292C9170F1003F245A /* FirebaseRemoteConfig in Frameworks */,
			);
			runOnlyForDeploymentPostprocessing = 0;
		};
/* End PBXFrameworksBuildPhase section */

/* Begin PBXGroup section */
		380F86982C89595A009E9D54 /* User */ = {
			isa = PBXGroup;
			children = (
				380F869C2C8959D0009E9D54 /* ViewModel */,
				380F869B2C8959A1009E9D54 /* Enums */,
			);
			path = User;
			sourceTree = "<group>";
		};
		380F869B2C8959A1009E9D54 /* Enums */ = {
			isa = PBXGroup;
			children = (
				380F86992C89599A009E9D54 /* AuthenticationError.swift */,
			);
			path = Enums;
			sourceTree = "<group>";
		};
		380F869C2C8959D0009E9D54 /* ViewModel */ = {
			isa = PBXGroup;
			children = (
				380F869D2C8959E1009E9D54 /* UserViewModel.swift */,
			);
			path = ViewModel;
			sourceTree = "<group>";
		};
		380F869F2C895B29009E9D54 /* Models */ = {
			isa = PBXGroup;
			children = (
				380F86A02C895B33009E9D54 /* User */,
			);
			path = Models;
			sourceTree = "<group>";
		};
		380F86A02C895B33009E9D54 /* User */ = {
			isa = PBXGroup;
			children = (
				380F86A12C895B39009E9D54 /* Model */,
			);
			path = User;
			sourceTree = "<group>";
		};
		380F86A12C895B39009E9D54 /* Model */ = {
			isa = PBXGroup;
			children = (
				380F86A22C895B69009E9D54 /* FireUser.swift */,
			);
			path = Model;
			sourceTree = "<group>";
		};
		380F86A42C895BCB009E9D54 /* Authentication */ = {
			isa = PBXGroup;
			children = (
				380F86B22C895CE0009E9D54 /* Enum */,
				380F86A82C895C22009E9D54 /* Components */,
				380F86A52C895BE7009E9D54 /* View */,
			);
			path = Authentication;
			sourceTree = "<group>";
		};
		380F86A52C895BE7009E9D54 /* View */ = {
			isa = PBXGroup;
			children = (
				380F86A62C895C0A009E9D54 /* AuthenticationView.swift */,
			);
			path = View;
			sourceTree = "<group>";
		};
		380F86A82C895C22009E9D54 /* Components */ = {
			isa = PBXGroup;
			children = (
				380F86AD2C895C79009E9D54 /* Buttons */,
				380F86A92C895C37009E9D54 /* View */,
			);
			path = Components;
			sourceTree = "<group>";
		};
		380F86A92C895C37009E9D54 /* View */ = {
			isa = PBXGroup;
			children = (
				380F86AA2C895C40009E9D54 /* Password */,
			);
			path = View;
			sourceTree = "<group>";
		};
		380F86AA2C895C40009E9D54 /* Password */ = {
			isa = PBXGroup;
			children = (
				380F86AB2C895C56009E9D54 /* PasswordField.swift */,
			);
			path = Password;
			sourceTree = "<group>";
		};
		380F86AD2C895C79009E9D54 /* Buttons */ = {
			isa = PBXGroup;
			children = (
				380F86AE2C895C8C009E9D54 /* AuthButton.swift */,
				380F86B02C895CB5009E9D54 /* AuthModeSwitchButton.swift */,
			);
			path = Buttons;
			sourceTree = "<group>";
		};
		380F86B22C895CE0009E9D54 /* Enum */ = {
			isa = PBXGroup;
			children = (
				380F86B32C895CF5009E9D54 /* AuthenticationMode.swift */,
			);
			path = Enum;
			sourceTree = "<group>";
		};
		380F86B52C896B72009E9D54 /* Managers */ = {
			isa = PBXGroup;
			children = (
				380F86B62C896B91009E9D54 /* FirebaseManager.swift */,
			);
			path = Managers;
			sourceTree = "<group>";
		};
		381498182C880E9600DE2334 /* Views */ = {
			isa = PBXGroup;
			children = (
				5B2425262C970C790092A92D /* Home */,
				380F86A42C895BCB009E9D54 /* Authentication */,
			);
			path = Views;
			sourceTree = "<group>";
		};
		381498192C880E9F00DE2334 /* ViewModel */ = {
			isa = PBXGroup;
			children = (
				380F86982C89595A009E9D54 /* User */,
			);
			path = ViewModel;
			sourceTree = "<group>";
		};
		3814981B2C880EB600DE2334 /* Repository */ = {
			isa = PBXGroup;
			children = (
			);
			path = Repository;
			sourceTree = "<group>";
		};
		385BD7712C86C5C90085F402 = {
			isa = PBXGroup;
			children = (
				5BA872FF2C917084003F245A /* GoogleService-Info.plist */,
				385BD77C2C86C5C90085F402 /* BibermobilSaunaArtem */,
				385BD77B2C86C5C90085F402 /* Products */,
			);
			sourceTree = "<group>";
		};
		385BD77B2C86C5C90085F402 /* Products */ = {
			isa = PBXGroup;
			children = (
				385BD77A2C86C5C90085F402 /* BibermobilSaunaArtem.app */,
			);
			name = Products;
			sourceTree = "<group>";
		};
		385BD77C2C86C5C90085F402 /* BibermobilSaunaArtem */ = {
			isa = PBXGroup;
			children = (
				380F86B52C896B72009E9D54 /* Managers */,
				380F869F2C895B29009E9D54 /* Models */,
				3814981B2C880EB600DE2334 /* Repository */,
				381498192C880E9F00DE2334 /* ViewModel */,
				381498182C880E9600DE2334 /* Views */,
				385BD77D2C86C5C90085F402 /* BibermobilSaunaArtemApp.swift */,
				385BD77F2C86C5C90085F402 /* ContentView.swift */,
				385BD7812C86C5CA0085F402 /* Assets.xcassets */,
				385BD7832C86C5CA0085F402 /* Preview Content */,
			);
			path = BibermobilSaunaArtem;
			sourceTree = "<group>";
		};
		385BD7832C86C5CA0085F402 /* Preview Content */ = {
			isa = PBXGroup;
			children = (
				385BD7842C86C5CA0085F402 /* Preview Assets.xcassets */,
			);
			path = "Preview Content";
			sourceTree = "<group>";
		};
		5B2425262C970C790092A92D /* Home */ = {
			isa = PBXGroup;
			children = (
				5B2425272C970C9F0092A92D /* View */,
			);
			path = Home;
			sourceTree = "<group>";
		};
		5B2425272C970C9F0092A92D /* View */ = {
			isa = PBXGroup;
			children = (
				5B2425282C970CB10092A92D /* HomeView.swift */,
			);
			path = View;
			sourceTree = "<group>";
		};
/* End PBXGroup section */

/* Begin PBXNativeTarget section */
		385BD7792C86C5C90085F402 /* BibermobilSaunaArtem */ = {
			isa = PBXNativeTarget;
			buildConfigurationList = 385BD7882C86C5CA0085F402 /* Build configuration list for PBXNativeTarget "BibermobilSaunaArtem" */;
			buildPhases = (
				385BD7762C86C5C90085F402 /* Sources */,
				385BD7772C86C5C90085F402 /* Frameworks */,
				385BD7782C86C5C90085F402 /* Resources */,
			);
			buildRules = (
			);
			dependencies = (
			);
			name = BibermobilSaunaArtem;
			packageProductDependencies = (
				5BA873022C9170F1003F245A /* FirebaseAnalytics */,
				5BA873042C9170F1003F245A /* FirebaseAnalyticsOnDeviceConversion */,
				5BA873062C9170F1003F245A /* FirebaseAnalyticsWithoutAdIdSupport */,
				5BA873082C9170F1003F245A /* FirebaseAppCheck */,
				5BA8730A2C9170F1003F245A /* FirebaseAppDistribution-Beta */,
				5BA8730C2C9170F1003F245A /* FirebaseAuth */,
				5BA8730E2C9170F1003F245A /* FirebaseAuthCombine-Community */,
				5BA873102C9170F1003F245A /* FirebaseCrashlytics */,
				5BA873122C9170F1003F245A /* FirebaseDatabase */,
				5BA873142C9170F1003F245A /* FirebaseDynamicLinks */,
				5BA873162C9170F1003F245A /* FirebaseFirestore */,
				5BA873182C9170F1003F245A /* FirebaseFirestoreCombine-Community */,
				5BA8731A2C9170F1003F245A /* FirebaseFunctions */,
				5BA8731C2C9170F1003F245A /* FirebaseFunctionsCombine-Community */,
				5BA8731E2C9170F1003F245A /* FirebaseInAppMessaging-Beta */,
				5BA873202C9170F1003F245A /* FirebaseInstallations */,
				5BA873222C9170F1003F245A /* FirebaseMLModelDownloader */,
				5BA873242C9170F1003F245A /* FirebaseMessaging */,
				5BA873262C9170F1003F245A /* FirebasePerformance */,
				5BA873282C9170F1003F245A /* FirebaseRemoteConfig */,
				5BA8732A2C9170F1003F245A /* FirebaseStorage */,
				5BA8732C2C9170F1003F245A /* FirebaseStorageCombine-Community */,
				5BA8732E2C9170F1003F245A /* FirebaseVertexAI-Preview */,
			);
			productName = BibermobilSaunaArtem;
			productReference = 385BD77A2C86C5C90085F402 /* BibermobilSaunaArtem.app */;
			productType = "com.apple.product-type.application";
		};
/* End PBXNativeTarget section */

/* Begin PBXProject section */
		385BD7722C86C5C90085F402 /* Project object */ = {
			isa = PBXProject;
			attributes = {
				BuildIndependentTargetsInParallel = 1;
				LastSwiftUpdateCheck = 1540;
				LastUpgradeCheck = 1540;
				TargetAttributes = {
					385BD7792C86C5C90085F402 = {
						CreatedOnToolsVersion = 15.4;
					};
				};
			};
			buildConfigurationList = 385BD7752C86C5C90085F402 /* Build configuration list for PBXProject "BibermobilSaunaArtem" */;
			compatibilityVersion = "Xcode 14.0";
			developmentRegion = en;
			hasScannedForEncodings = 0;
			knownRegions = (
				en,
				Base,
			);
			mainGroup = 385BD7712C86C5C90085F402;
			packageReferences = (
				5BA873012C9170F1003F245A /* XCRemoteSwiftPackageReference "firebase-ios-sdk" */,
			);
			productRefGroup = 385BD77B2C86C5C90085F402 /* Products */;
			projectDirPath = "";
			projectRoot = "";
			targets = (
				385BD7792C86C5C90085F402 /* BibermobilSaunaArtem */,
			);
		};
/* End PBXProject section */

/* Begin PBXResourcesBuildPhase section */
		385BD7782C86C5C90085F402 /* Resources */ = {
			isa = PBXResourcesBuildPhase;
			buildActionMask = 2147483647;
			files = (
				385BD7852C86C5CA0085F402 /* Preview Assets.xcassets in Resources */,
				385BD7822C86C5CA0085F402 /* Assets.xcassets in Resources */,
				5BA873002C917084003F245A /* GoogleService-Info.plist in Resources */,
			);
			runOnlyForDeploymentPostprocessing = 0;
		};
/* End PBXResourcesBuildPhase section */

/* Begin PBXSourcesBuildPhase section */
		385BD7762C86C5C90085F402 /* Sources */ = {
			isa = PBXSourcesBuildPhase;
			buildActionMask = 2147483647;
			files = (
				385BD7802C86C5C90085F402 /* ContentView.swift in Sources */,
				380F86AF2C895C8C009E9D54 /* AuthButton.swift in Sources */,
				380F86B42C895CF5009E9D54 /* AuthenticationMode.swift in Sources */,
				380F86A32C895B69009E9D54 /* FireUser.swift in Sources */,
				380F86B72C896B91009E9D54 /* FirebaseManager.swift in Sources */,
				380F86A72C895C0A009E9D54 /* AuthenticationView.swift in Sources */,
				380F86B12C895CB5009E9D54 /* AuthModeSwitchButton.swift in Sources */,
				380F869E2C8959E1009E9D54 /* UserViewModel.swift in Sources */,
				380F86AC2C895C56009E9D54 /* PasswordField.swift in Sources */,
				5B2425292C970CB10092A92D /* HomeView.swift in Sources */,
				380F869A2C89599A009E9D54 /* AuthenticationError.swift in Sources */,
				385BD77E2C86C5C90085F402 /* BibermobilSaunaArtemApp.swift in Sources */,
			);
			runOnlyForDeploymentPostprocessing = 0;
		};
/* End PBXSourcesBuildPhase section */

/* Begin XCBuildConfiguration section */
		385BD7862C86C5CA0085F402 /* Debug */ = {
			isa = XCBuildConfiguration;
			buildSettings = {
				ALWAYS_SEARCH_USER_PATHS = NO;
				ASSETCATALOG_COMPILER_GENERATE_SWIFT_ASSET_SYMBOL_EXTENSIONS = YES;
				CLANG_ANALYZER_NONNULL = YES;
				CLANG_ANALYZER_NUMBER_OBJECT_CONVERSION = YES_AGGRESSIVE;
				CLANG_CXX_LANGUAGE_STANDARD = "gnu++20";
				CLANG_ENABLE_MODULES = YES;
				CLANG_ENABLE_OBJC_ARC = YES;
				CLANG_ENABLE_OBJC_WEAK = YES;
				CLANG_WARN_BLOCK_CAPTURE_AUTORELEASING = YES;
				CLANG_WARN_BOOL_CONVERSION = YES;
				CLANG_WARN_COMMA = YES;
				CLANG_WARN_CONSTANT_CONVERSION = YES;
				CLANG_WARN_DEPRECATED_OBJC_IMPLEMENTATIONS = YES;
				CLANG_WARN_DIRECT_OBJC_ISA_USAGE = YES_ERROR;
				CLANG_WARN_DOCUMENTATION_COMMENTS = YES;
				CLANG_WARN_EMPTY_BODY = YES;
				CLANG_WARN_ENUM_CONVERSION = YES;
				CLANG_WARN_INFINITE_RECURSION = YES;
				CLANG_WARN_INT_CONVERSION = YES;
				CLANG_WARN_NON_LITERAL_NULL_CONVERSION = YES;
				CLANG_WARN_OBJC_IMPLICIT_RETAIN_SELF = YES;
				CLANG_WARN_OBJC_LITERAL_CONVERSION = YES;
				CLANG_WARN_OBJC_ROOT_CLASS = YES_ERROR;
				CLANG_WARN_QUOTED_INCLUDE_IN_FRAMEWORK_HEADER = YES;
				CLANG_WARN_RANGE_LOOP_ANALYSIS = YES;
				CLANG_WARN_STRICT_PROTOTYPES = YES;
				CLANG_WARN_SUSPICIOUS_MOVE = YES;
				CLANG_WARN_UNGUARDED_AVAILABILITY = YES_AGGRESSIVE;
				CLANG_WARN_UNREACHABLE_CODE = YES;
				CLANG_WARN__DUPLICATE_METHOD_MATCH = YES;
				COPY_PHASE_STRIP = NO;
				DEBUG_INFORMATION_FORMAT = dwarf;
				ENABLE_STRICT_OBJC_MSGSEND = YES;
				ENABLE_TESTABILITY = YES;
				ENABLE_USER_SCRIPT_SANDBOXING = YES;
				GCC_C_LANGUAGE_STANDARD = gnu17;
				GCC_DYNAMIC_NO_PIC = NO;
				GCC_NO_COMMON_BLOCKS = YES;
				GCC_OPTIMIZATION_LEVEL = 0;
				GCC_PREPROCESSOR_DEFINITIONS = (
					"DEBUG=1",
					"$(inherited)",
				);
				GCC_WARN_64_TO_32_BIT_CONVERSION = YES;
				GCC_WARN_ABOUT_RETURN_TYPE = YES_ERROR;
				GCC_WARN_UNDECLARED_SELECTOR = YES;
				GCC_WARN_UNINITIALIZED_AUTOS = YES_AGGRESSIVE;
				GCC_WARN_UNUSED_FUNCTION = YES;
				GCC_WARN_UNUSED_VARIABLE = YES;
				IPHONEOS_DEPLOYMENT_TARGET = 17.5;
				LOCALIZATION_PREFERS_STRING_CATALOGS = YES;
				MTL_ENABLE_DEBUG_INFO = INCLUDE_SOURCE;
				MTL_FAST_MATH = YES;
				ONLY_ACTIVE_ARCH = YES;
				SDKROOT = iphoneos;
				SWIFT_ACTIVE_COMPILATION_CONDITIONS = "DEBUG $(inherited)";
				SWIFT_OPTIMIZATION_LEVEL = "-Onone";
			};
			name = Debug;
		};
		385BD7872C86C5CA0085F402 /* Release */ = {
			isa = XCBuildConfiguration;
			buildSettings = {
				ALWAYS_SEARCH_USER_PATHS = NO;
				ASSETCATALOG_COMPILER_GENERATE_SWIFT_ASSET_SYMBOL_EXTENSIONS = YES;
				CLANG_ANALYZER_NONNULL = YES;
				CLANG_ANALYZER_NUMBER_OBJECT_CONVERSION = YES_AGGRESSIVE;
				CLANG_CXX_LANGUAGE_STANDARD = "gnu++20";
				CLANG_ENABLE_MODULES = YES;
				CLANG_ENABLE_OBJC_ARC = YES;
				CLANG_ENABLE_OBJC_WEAK = YES;
				CLANG_WARN_BLOCK_CAPTURE_AUTORELEASING = YES;
				CLANG_WARN_BOOL_CONVERSION = YES;
				CLANG_WARN_COMMA = YES;
				CLANG_WARN_CONSTANT_CONVERSION = YES;
				CLANG_WARN_DEPRECATED_OBJC_IMPLEMENTATIONS = YES;
				CLANG_WARN_DIRECT_OBJC_ISA_USAGE = YES_ERROR;
				CLANG_WARN_DOCUMENTATION_COMMENTS = YES;
				CLANG_WARN_EMPTY_BODY = YES;
				CLANG_WARN_ENUM_CONVERSION = YES;
				CLANG_WARN_INFINITE_RECURSION = YES;
				CLANG_WARN_INT_CONVERSION = YES;
				CLANG_WARN_NON_LITERAL_NULL_CONVERSION = YES;
				CLANG_WARN_OBJC_IMPLICIT_RETAIN_SELF = YES;
				CLANG_WARN_OBJC_LITERAL_CONVERSION = YES;
				CLANG_WARN_OBJC_ROOT_CLASS = YES_ERROR;
				CLANG_WARN_QUOTED_INCLUDE_IN_FRAMEWORK_HEADER = YES;
				CLANG_WARN_RANGE_LOOP_ANALYSIS = YES;
				CLANG_WARN_STRICT_PROTOTYPES = YES;
				CLANG_WARN_SUSPICIOUS_MOVE = YES;
				CLANG_WARN_UNGUARDED_AVAILABILITY = YES_AGGRESSIVE;
				CLANG_WARN_UNREACHABLE_CODE = YES;
				CLANG_WARN__DUPLICATE_METHOD_MATCH = YES;
				COPY_PHASE_STRIP = NO;
				DEBUG_INFORMATION_FORMAT = "dwarf-with-dsym";
				ENABLE_NS_ASSERTIONS = NO;
				ENABLE_STRICT_OBJC_MSGSEND = YES;
				ENABLE_USER_SCRIPT_SANDBOXING = YES;
				GCC_C_LANGUAGE_STANDARD = gnu17;
				GCC_NO_COMMON_BLOCKS = YES;
				GCC_WARN_64_TO_32_BIT_CONVERSION = YES;
				GCC_WARN_ABOUT_RETURN_TYPE = YES_ERROR;
				GCC_WARN_UNDECLARED_SELECTOR = YES;
				GCC_WARN_UNINITIALIZED_AUTOS = YES_AGGRESSIVE;
				GCC_WARN_UNUSED_FUNCTION = YES;
				GCC_WARN_UNUSED_VARIABLE = YES;
				IPHONEOS_DEPLOYMENT_TARGET = 17.5;
				LOCALIZATION_PREFERS_STRING_CATALOGS = YES;
				MTL_ENABLE_DEBUG_INFO = NO;
				MTL_FAST_MATH = YES;
				SDKROOT = iphoneos;
				SWIFT_COMPILATION_MODE = wholemodule;
				VALIDATE_PRODUCT = YES;
			};
			name = Release;
		};
		385BD7892C86C5CA0085F402 /* Debug */ = {
			isa = XCBuildConfiguration;
			buildSettings = {
				ASSETCATALOG_COMPILER_APPICON_NAME = AppIcon;
				ASSETCATALOG_COMPILER_GLOBAL_ACCENT_COLOR_NAME = AccentColor;
				CODE_SIGN_IDENTITY = "Apple Development";
				CODE_SIGN_STYLE = Automatic;
				CURRENT_PROJECT_VERSION = 1;
				DEVELOPMENT_ASSET_PATHS = "\"BibermobilSaunaArtem/Preview Content\"";
				DEVELOPMENT_TEAM = "";
				ENABLE_PREVIEWS = YES;
				GENERATE_INFOPLIST_FILE = YES;
				INFOPLIST_KEY_UIApplicationSceneManifest_Generation = YES;
				INFOPLIST_KEY_UIApplicationSupportsIndirectInputEvents = YES;
				INFOPLIST_KEY_UILaunchScreen_Generation = YES;
				INFOPLIST_KEY_UISupportedInterfaceOrientations_iPad = "UIInterfaceOrientationPortrait UIInterfaceOrientationPortraitUpsideDown UIInterfaceOrientationLandscapeLeft UIInterfaceOrientationLandscapeRight";
				INFOPLIST_KEY_UISupportedInterfaceOrientations_iPhone = "UIInterfaceOrientationPortrait UIInterfaceOrientationLandscapeLeft UIInterfaceOrientationLandscapeRight";
				IPHONEOS_DEPLOYMENT_TARGET = 17.0;
				LD_RUNPATH_SEARCH_PATHS = (
					"$(inherited)",
					"@executable_path/Frameworks",
				);
				MARKETING_VERSION = 1.0;
				PRODUCT_BUNDLE_IDENTIFIER = artem1.BibermobilSaunaArtem;
				PRODUCT_NAME = "$(TARGET_NAME)";
				PROVISIONING_PROFILE_SPECIFIER = "";
				SWIFT_EMIT_LOC_STRINGS = YES;
				SWIFT_VERSION = 5.0;
				TARGETED_DEVICE_FAMILY = "1,2";
			};
			name = Debug;
		};
		385BD78A2C86C5CA0085F402 /* Release */ = {
			isa = XCBuildConfiguration;
			buildSettings = {
				ASSETCATALOG_COMPILER_APPICON_NAME = AppIcon;
				ASSETCATALOG_COMPILER_GLOBAL_ACCENT_COLOR_NAME = AccentColor;
				CODE_SIGN_IDENTITY = "Apple Development";
				CODE_SIGN_STYLE = Automatic;
				CURRENT_PROJECT_VERSION = 1;
				DEVELOPMENT_ASSET_PATHS = "\"BibermobilSaunaArtem/Preview Content\"";
				DEVELOPMENT_TEAM = "";
				ENABLE_PREVIEWS = YES;
				GENERATE_INFOPLIST_FILE = YES;
				INFOPLIST_KEY_UIApplicationSceneManifest_Generation = YES;
				INFOPLIST_KEY_UIApplicationSupportsIndirectInputEvents = YES;
				INFOPLIST_KEY_UILaunchScreen_Generation = YES;
				INFOPLIST_KEY_UISupportedInterfaceOrientations_iPad = "UIInterfaceOrientationPortrait UIInterfaceOrientationPortraitUpsideDown UIInterfaceOrientationLandscapeLeft UIInterfaceOrientationLandscapeRight";
				INFOPLIST_KEY_UISupportedInterfaceOrientations_iPhone = "UIInterfaceOrientationPortrait UIInterfaceOrientationLandscapeLeft UIInterfaceOrientationLandscapeRight";
				IPHONEOS_DEPLOYMENT_TARGET = 17.0;
				LD_RUNPATH_SEARCH_PATHS = (
					"$(inherited)",
					"@executable_path/Frameworks",
				);
				MARKETING_VERSION = 1.0;
				PRODUCT_BUNDLE_IDENTIFIER = artem1.BibermobilSaunaArtem;
				PRODUCT_NAME = "$(TARGET_NAME)";
				PROVISIONING_PROFILE_SPECIFIER = "";
				SWIFT_EMIT_LOC_STRINGS = YES;
				SWIFT_VERSION = 5.0;
				TARGETED_DEVICE_FAMILY = "1,2";
			};
			name = Release;
		};
/* End XCBuildConfiguration section */

/* Begin XCConfigurationList section */
		385BD7752C86C5C90085F402 /* Build configuration list for PBXProject "BibermobilSaunaArtem" */ = {
			isa = XCConfigurationList;
			buildConfigurations = (
				385BD7862C86C5CA0085F402 /* Debug */,
				385BD7872C86C5CA0085F402 /* Release */,
			);
			defaultConfigurationIsVisible = 0;
			defaultConfigurationName = Release;
		};
		385BD7882C86C5CA0085F402 /* Build configuration list for PBXNativeTarget "BibermobilSaunaArtem" */ = {
			isa = XCConfigurationList;
			buildConfigurations = (
				385BD7892C86C5CA0085F402 /* Debug */,
				385BD78A2C86C5CA0085F402 /* Release */,
			);
			defaultConfigurationIsVisible = 0;
			defaultConfigurationName = Release;
		};
/* End XCConfigurationList section */

/* Begin XCRemoteSwiftPackageReference section */
		5BA873012C9170F1003F245A /* XCRemoteSwiftPackageReference "firebase-ios-sdk" */ = {
			isa = XCRemoteSwiftPackageReference;
			repositoryURL = "https://github.com/firebase/firebase-ios-sdk";
			requirement = {
				kind = upToNextMajorVersion;
				minimumVersion = 11.2.0;
			};
		};
/* End XCRemoteSwiftPackageReference section */

/* Begin XCSwiftPackageProductDependency section */
		5BA873022C9170F1003F245A /* FirebaseAnalytics */ = {
			isa = XCSwiftPackageProductDependency;
			package = 5BA873012C9170F1003F245A /* XCRemoteSwiftPackageReference "firebase-ios-sdk" */;
			productName = FirebaseAnalytics;
		};
		5BA873042C9170F1003F245A /* FirebaseAnalyticsOnDeviceConversion */ = {
			isa = XCSwiftPackageProductDependency;
			package = 5BA873012C9170F1003F245A /* XCRemoteSwiftPackageReference "firebase-ios-sdk" */;
			productName = FirebaseAnalyticsOnDeviceConversion;
		};
		5BA873062C9170F1003F245A /* FirebaseAnalyticsWithoutAdIdSupport */ = {
			isa = XCSwiftPackageProductDependency;
			package = 5BA873012C9170F1003F245A /* XCRemoteSwiftPackageReference "firebase-ios-sdk" */;
			productName = FirebaseAnalyticsWithoutAdIdSupport;
		};
		5BA873082C9170F1003F245A /* FirebaseAppCheck */ = {
			isa = XCSwiftPackageProductDependency;
			package = 5BA873012C9170F1003F245A /* XCRemoteSwiftPackageReference "firebase-ios-sdk" */;
			productName = FirebaseAppCheck;
		};
		5BA8730A2C9170F1003F245A /* FirebaseAppDistribution-Beta */ = {
			isa = XCSwiftPackageProductDependency;
			package = 5BA873012C9170F1003F245A /* XCRemoteSwiftPackageReference "firebase-ios-sdk" */;
			productName = "FirebaseAppDistribution-Beta";
		};
		5BA8730C2C9170F1003F245A /* FirebaseAuth */ = {
			isa = XCSwiftPackageProductDependency;
			package = 5BA873012C9170F1003F245A /* XCRemoteSwiftPackageReference "firebase-ios-sdk" */;
			productName = FirebaseAuth;
		};
		5BA8730E2C9170F1003F245A /* FirebaseAuthCombine-Community */ = {
			isa = XCSwiftPackageProductDependency;
			package = 5BA873012C9170F1003F245A /* XCRemoteSwiftPackageReference "firebase-ios-sdk" */;
			productName = "FirebaseAuthCombine-Community";
		};
		5BA873102C9170F1003F245A /* FirebaseCrashlytics */ = {
			isa = XCSwiftPackageProductDependency;
			package = 5BA873012C9170F1003F245A /* XCRemoteSwiftPackageReference "firebase-ios-sdk" */;
			productName = FirebaseCrashlytics;
		};
		5BA873122C9170F1003F245A /* FirebaseDatabase */ = {
			isa = XCSwiftPackageProductDependency;
			package = 5BA873012C9170F1003F245A /* XCRemoteSwiftPackageReference "firebase-ios-sdk" */;
			productName = FirebaseDatabase;
		};
		5BA873142C9170F1003F245A /* FirebaseDynamicLinks */ = {
			isa = XCSwiftPackageProductDependency;
			package = 5BA873012C9170F1003F245A /* XCRemoteSwiftPackageReference "firebase-ios-sdk" */;
			productName = FirebaseDynamicLinks;
		};
		5BA873162C9170F1003F245A /* FirebaseFirestore */ = {
			isa = XCSwiftPackageProductDependency;
			package = 5BA873012C9170F1003F245A /* XCRemoteSwiftPackageReference "firebase-ios-sdk" */;
			productName = FirebaseFirestore;
		};
		5BA873182C9170F1003F245A /* FirebaseFirestoreCombine-Community */ = {
			isa = XCSwiftPackageProductDependency;
			package = 5BA873012C9170F1003F245A /* XCRemoteSwiftPackageReference "firebase-ios-sdk" */;
			productName = "FirebaseFirestoreCombine-Community";
		};
		5BA8731A2C9170F1003F245A /* FirebaseFunctions */ = {
			isa = XCSwiftPackageProductDependency;
			package = 5BA873012C9170F1003F245A /* XCRemoteSwiftPackageReference "firebase-ios-sdk" */;
			productName = FirebaseFunctions;
		};
		5BA8731C2C9170F1003F245A /* FirebaseFunctionsCombine-Community */ = {
			isa = XCSwiftPackageProductDependency;
			package = 5BA873012C9170F1003F245A /* XCRemoteSwiftPackageReference "firebase-ios-sdk" */;
			productName = "FirebaseFunctionsCombine-Community";
		};
		5BA8731E2C9170F1003F245A /* FirebaseInAppMessaging-Beta */ = {
			isa = XCSwiftPackageProductDependency;
			package = 5BA873012C9170F1003F245A /* XCRemoteSwiftPackageReference "firebase-ios-sdk" */;
			productName = "FirebaseInAppMessaging-Beta";
		};
		5BA873202C9170F1003F245A /* FirebaseInstallations */ = {
			isa = XCSwiftPackageProductDependency;
			package = 5BA873012C9170F1003F245A /* XCRemoteSwiftPackageReference "firebase-ios-sdk" */;
			productName = FirebaseInstallations;
		};
		5BA873222C9170F1003F245A /* FirebaseMLModelDownloader */ = {
			isa = XCSwiftPackageProductDependency;
			package = 5BA873012C9170F1003F245A /* XCRemoteSwiftPackageReference "firebase-ios-sdk" */;
			productName = FirebaseMLModelDownloader;
		};
		5BA873242C9170F1003F245A /* FirebaseMessaging */ = {
			isa = XCSwiftPackageProductDependency;
			package = 5BA873012C9170F1003F245A /* XCRemoteSwiftPackageReference "firebase-ios-sdk" */;
			productName = FirebaseMessaging;
		};
		5BA873262C9170F1003F245A /* FirebasePerformance */ = {
			isa = XCSwiftPackageProductDependency;
			package = 5BA873012C9170F1003F245A /* XCRemoteSwiftPackageReference "firebase-ios-sdk" */;
			productName = FirebasePerformance;
		};
		5BA873282C9170F1003F245A /* FirebaseRemoteConfig */ = {
			isa = XCSwiftPackageProductDependency;
			package = 5BA873012C9170F1003F245A /* XCRemoteSwiftPackageReference "firebase-ios-sdk" */;
			productName = FirebaseRemoteConfig;
		};
		5BA8732A2C9170F1003F245A /* FirebaseStorage */ = {
			isa = XCSwiftPackageProductDependency;
			package = 5BA873012C9170F1003F245A /* XCRemoteSwiftPackageReference "firebase-ios-sdk" */;
			productName = FirebaseStorage;
		};
		5BA8732C2C9170F1003F245A /* FirebaseStorageCombine-Community */ = {
			isa = XCSwiftPackageProductDependency;
			package = 5BA873012C9170F1003F245A /* XCRemoteSwiftPackageReference "firebase-ios-sdk" */;
			productName = "FirebaseStorageCombine-Community";
		};
		5BA8732E2C9170F1003F245A /* FirebaseVertexAI-Preview */ = {
			isa = XCSwiftPackageProductDependency;
			package = 5BA873012C9170F1003F245A /* XCRemoteSwiftPackageReference "firebase-ios-sdk" */;
			productName = "FirebaseVertexAI-Preview";
		};
/* End XCSwiftPackageProductDependency section */
	};
	rootObject = 385BD7722C86C5C90085F402 /* Project object */;
}
